# generated by rye
# use `rye lock` or `rye sync` to update this lockfile
#
# last locked with the following flags:
#   pre: false
#   features: []
#   all-features: false
#   with-sources: false
#   generate-hashes: false
#   universal: false

-e file:.
absl-py==2.1.0
    # via chex
    # via optax
    # via orbax-checkpoint
annotated-types==0.7.0
    # via pydantic
chex==0.1.87
    # via optax
click==8.1.7
    # via rich-click
    # via vax
etils==1.9.4
    # via optax
    # via orbax-checkpoint
flax==0.9.0
    # via vax
fsspec==2024.9.0
    # via etils
humanize==4.10.0
    # via orbax-checkpoint
importlib-resources==6.4.5
    # via etils
jax==0.4.33
    # via chex
    # via flax
    # via optax
    # via orbax-checkpoint
    # via vax
jaxlib==0.4.33
    # via chex
    # via jax
    # via optax
    # via orbax-checkpoint
markdown-it-py==3.0.0
    # via rich
mdurl==0.1.2
    # via markdown-it-py
ml-dtypes==0.5.0
    # via jax
    # via jaxlib
    # via tensorstore
msgpack==1.1.0
    # via flax
    # via orbax-checkpoint
nest-asyncio==1.6.0
    # via orbax-checkpoint
numpy==2.1.1
    # via chex
    # via flax
    # via jax
    # via jaxlib
    # via ml-dtypes
    # via opencv-python
    # via optax
    # via orbax-checkpoint
    # via scipy
    # via tensorstore
opencv-python==4.10.0.84
    # via vax
opt-einsum==3.4.0
    # via jax
optax==0.2.3
    # via flax
orbax-checkpoint==0.6.4
    # via flax
protobuf==5.28.2
    # via orbax-checkpoint
pydantic==2.9.2
    # via vax
pydantic-core==2.23.4
    # via pydantic
pygments==2.18.0
    # via rich
pyyaml==6.0.2
    # via flax
    # via orbax-checkpoint
    # via vax
rich==13.8.1
    # via flax
    # via rich-click
    # via vax
rich-click==1.8.3
    # via vax
scipy==1.14.1
    # via jax
    # via jaxlib
setuptools==75.1.0
    # via chex
tensorstore==0.1.66
    # via flax
    # via orbax-checkpoint
toolz==0.12.1
    # via chex
typing-extensions==4.12.2
    # via chex
    # via etils
    # via flax
    # via orbax-checkpoint
    # via pydantic
    # via pydantic-core
    # via rich-click
zipp==3.20.2
    # via etils
